
Microsoft Visual Studio Solution File, Format Version 12.00
# Visual Studio Version 17
VisualStudioVersion = 17.4.33110.190
MinimumVisualStudioVersion = 10.0.40219.1
Project("{FAE04EC0-301F-11D3-BF4B-00C04F79EFBC}") = "NuitInfo2022", "NuitInfo2022.csproj", "{DB9B0BAC-4F08-4319-8816-CD3C04668596}"
EndProject
Global
	GlobalSection(SolutionConfigurationPlatforms) = preSolution
		Debug|Any CPU = Debug|Any CPU
		Release|Any CPU = Release|Any CPU
	EndGlobalSection
	GlobalSection(ProjectConfigurationPlatforms) = postSolution
		{DB9B0BAC-4F08-4319-8816-CD3C04668596}.Debug|Any CPU.ActiveCfg = Debug|Any CPU
		{DB9B0BAC-4F08-4319-8816-CD3C04668596}.Debug|Any CPU.Build.0 = Debug|Any CPU
		{DB9B0BAC-4F08-4319-8816-CD3C04668596}.Release|Any CPU.ActiveCfg = Release|Any CPU
		{DB9B0BAC-4F08-4319-8816-CD3C04668596}.Release|Any CPU.Build.0 = Release|Any CPU
	EndGlobalSection
	GlobalSection(SolutionProperties) = preSolution
		HideSolutionNode = FALSE
	EndGlobalSection
	GlobalSection(ExtensibilityGlobals) = postSolution
		SolutionGuid = {C0DEB06A-38C4-4D0E-8FF8-C289EBEAF93B}
	EndGlobalSection
EndGlobal
